// !$*UTF8*$!
{
	archiveVersion = 1;
	classes = {
	};
	objectVersion = 46;
	objects = {

/* Begin PBXBuildFile section */
		783ABBC21C0F533E001803BE /* Classification.cc in Sources */ = {isa = PBXBuildFile; fileRef = 783ABBB01C0F533E001803BE /* Classification.cc */; };
		783ABBC31C0F533E001803BE /* CorrelationVisualization.cc in Sources */ = {isa = PBXBuildFile; fileRef = 783ABBB11C0F533E001803BE /* CorrelationVisualization.cc */; };
		783ABBC41C0F533E001803BE /* CorrMatAnalysis.cc in Sources */ = {isa = PBXBuildFile; fileRef = 783ABBB21C0F533E001803BE /* CorrMatAnalysis.cc */; };
		783ABBC51C0F533E001803BE /* CustomizedMatrixMultiply.cc in Sources */ = {isa = PBXBuildFile; fileRef = 783ABBB31C0F533E001803BE /* CustomizedMatrixMultiply.cc */; };
		783ABBC61C0F533E001803BE /* ErrorHandling.cc in Sources */ = {isa = PBXBuildFile; fileRef = 783ABBB41C0F533E001803BE /* ErrorHandling.cc */; };
		783ABBC71C0F533E001803BE /* FileProcessing.cc in Sources */ = {isa = PBXBuildFile; fileRef = 783ABBB51C0F533E001803BE /* FileProcessing.cc */; };
		783ABBC81C0F533E001803BE /* FisherScoring.cc in Sources */ = {isa = PBXBuildFile; fileRef = 783ABBB61C0F533E001803BE /* FisherScoring.cc */; };
		783ABBC91C0F533E001803BE /* LibSVM.cc in Sources */ = {isa = PBXBuildFile; fileRef = 783ABBB71C0F533E001803BE /* LibSVM.cc */; };
		783ABBCA1C0F533E001803BE /* main.cc in Sources */ = {isa = PBXBuildFile; fileRef = 783ABBB81C0F533E001803BE /* main.cc */; };
		783ABBCB1C0F533E001803BE /* Marginal_Scheduler.cc in Sources */ = {isa = PBXBuildFile; fileRef = 783ABBB91C0F533E001803BE /* Marginal_Scheduler.cc */; };
		783ABBCC1C0F533E001803BE /* MatComputation.cc in Sources */ = {isa = PBXBuildFile; fileRef = 783ABBBA1C0F533E001803BE /* MatComputation.cc */; };
		783ABBCD1C0F533E001803BE /* Preprocessing.cc in Sources */ = {isa = PBXBuildFile; fileRef = 783ABBBB1C0F533E001803BE /* Preprocessing.cc */; };
		783ABBCE1C0F533E001803BE /* Scheduler.cc in Sources */ = {isa = PBXBuildFile; fileRef = 783ABBBC1C0F533E001803BE /* Scheduler.cc */; };
		783ABBCF1C0F533E001803BE /* Searchlight.cc in Sources */ = {isa = PBXBuildFile; fileRef = 783ABBBD1C0F533E001803BE /* Searchlight.cc */; };
		783ABBD01C0F533E001803BE /* SVMClassification.cc in Sources */ = {isa = PBXBuildFile; fileRef = 783ABBBE1C0F533E001803BE /* SVMClassification.cc */; };
		783ABBD11C0F533E001803BE /* SVMPredictor.cc in Sources */ = {isa = PBXBuildFile; fileRef = 783ABBBF1C0F533E001803BE /* SVMPredictor.cc */; };
		783ABBD21C0F533E001803BE /* SVMPredictorWithMasks.cc in Sources */ = {isa = PBXBuildFile; fileRef = 783ABBC01C0F533E001803BE /* SVMPredictorWithMasks.cc */; };
		783ABBD31C0F533E001803BE /* VoxelwiseAnalysis.cc in Sources */ = {isa = PBXBuildFile; fileRef = 783ABBC11C0F533E001803BE /* VoxelwiseAnalysis.cc */; };
		783ABBD91C0F5370001803BE /* nifti1_io.c in Sources */ = {isa = PBXBuildFile; fileRef = 783ABBD81C0F5370001803BE /* nifti1_io.c */; };
		783ABBDD1C0F5461001803BE /* svm.cc in Sources */ = {isa = PBXBuildFile; fileRef = 783ABBDC1C0F5461001803BE /* svm.cc */; };
		78B98FE81C64FA51000E58DE /* libiomp5.dylib in Frameworks */ = {isa = PBXBuildFile; fileRef = 78B98FE71C64FA51000E58DE /* libiomp5.dylib */; };
		78B98FEF1C650134000E58DE /* phisvm.cc in Sources */ = {isa = PBXBuildFile; fileRef = 78B98FED1C650134000E58DE /* phisvm.cc */; };
		78B98FF21C650936000E58DE /* znzlib.c in Sources */ = {isa = PBXBuildFile; fileRef = 78B98FF01C650936000E58DE /* znzlib.c */; };
		78B98FF51C650A06000E58DE /* libmpi_cxx.1.dylib in Frameworks */ = {isa = PBXBuildFile; fileRef = 78B98FF31C650A06000E58DE /* libmpi_cxx.1.dylib */; };
		78B98FF61C650A06000E58DE /* libmpi.12.dylib in Frameworks */ = {isa = PBXBuildFile; fileRef = 78B98FF41C650A06000E58DE /* libmpi.12.dylib */; };
		78B98FF91C650A2E000E58DE /* Accelerate.framework in Frameworks */ = {isa = PBXBuildFile; fileRef = 78B98FF71C650A2E000E58DE /* Accelerate.framework */; };
		78B98FFA1C650A2E000E58DE /* libz.tbd in Frameworks */ = {isa = PBXBuildFile; fileRef = 78B98FF81C650A2E000E58DE /* libz.tbd */; };
		78B98FFD1C650ADC000E58DE /* libboost_serialization-mt.dylib in Frameworks */ = {isa = PBXBuildFile; fileRef = 78B98FFC1C650ADC000E58DE /* libboost_serialization-mt.dylib */; };
		78B990001C650E12000E58DE /* libhdf5_hl.10.dylib in Frameworks */ = {isa = PBXBuildFile; fileRef = 78B98FFE1C650E12000E58DE /* libhdf5_hl.10.dylib */; };
		78B990011C650E12000E58DE /* libhdf5.10.dylib in Frameworks */ = {isa = PBXBuildFile; fileRef = 78B98FFF1C650E12000E58DE /* libhdf5.10.dylib */; };
/* End PBXBuildFile section */

/* Begin PBXCopyFilesBuildPhase section */
		783ABB8F1C0F5280001803BE /* CopyFiles */ = {
			isa = PBXCopyFilesBuildPhase;
			buildActionMask = 2147483647;
			dstPath = /usr/share/man/man1/;
			dstSubfolderSpec = 0;
			files = (
			);
			runOnlyForDeploymentPostprocessing = 1;
		};
/* End PBXCopyFilesBuildPhase section */

/* Begin PBXFileReference section */
		783ABB911C0F5280001803BE /* fcma */ = {isa = PBXFileReference; explicitFileType = "compiled.mach-o.executable"; includeInIndex = 0; path = fcma; sourceTree = BUILT_PRODUCTS_DIR; };
		783ABB9D1C0F533E001803BE /* Classification.h */ = {isa = PBXFileReference; fileEncoding = 4; lastKnownFileType = sourcecode.c.h; name = Classification.h; path = ../../src/Classification.h; sourceTree = "<group>"; };
		783ABB9E1C0F533E001803BE /* common.h */ = {isa = PBXFileReference; fileEncoding = 4; lastKnownFileType = sourcecode.c.h; name = common.h; path = ../../src/common.h; sourceTree = "<group>"; };
		783ABB9F1C0F533E001803BE /* CorrelationVisualization.h */ = {isa = PBXFileReference; fileEncoding = 4; lastKnownFileType = sourcecode.c.h; name = CorrelationVisualization.h; path = ../../src/CorrelationVisualization.h; sourceTree = "<group>"; };
		783ABBA01C0F533E001803BE /* CorrMatAnalysis.h */ = {isa = PBXFileReference; fileEncoding = 4; lastKnownFileType = sourcecode.c.h; name = CorrMatAnalysis.h; path = ../../src/CorrMatAnalysis.h; sourceTree = "<group>"; };
		783ABBA11C0F533E001803BE /* CustomizedMatrixMultiply.h */ = {isa = PBXFileReference; fileEncoding = 4; lastKnownFileType = sourcecode.c.h; name = CustomizedMatrixMultiply.h; path = ../../src/CustomizedMatrixMultiply.h; sourceTree = "<group>"; };
		783ABBA21C0F533E001803BE /* ErrorHandling.h */ = {isa = PBXFileReference; fileEncoding = 4; lastKnownFileType = sourcecode.c.h; name = ErrorHandling.h; path = ../../src/ErrorHandling.h; sourceTree = "<group>"; };
		783ABBA31C0F533E001803BE /* fcma.h */ = {isa = PBXFileReference; fileEncoding = 4; lastKnownFileType = sourcecode.c.h; name = fcma.h; path = ../../src/fcma.h; sourceTree = "<group>"; };
		783ABBA41C0F533E001803BE /* FileProcessing.h */ = {isa = PBXFileReference; fileEncoding = 4; lastKnownFileType = sourcecode.c.h; name = FileProcessing.h; path = ../../src/FileProcessing.h; sourceTree = "<group>"; };
		783ABBA51C0F533E001803BE /* FisherScoring.h */ = {isa = PBXFileReference; fileEncoding = 4; lastKnownFileType = sourcecode.c.h; name = FisherScoring.h; path = ../../src/FisherScoring.h; sourceTree = "<group>"; };
		783ABBA61C0F533E001803BE /* LibSVM.h */ = {isa = PBXFileReference; fileEncoding = 4; lastKnownFileType = sourcecode.c.h; name = LibSVM.h; path = ../../src/LibSVM.h; sourceTree = "<group>"; };
		783ABBA71C0F533E001803BE /* Marginal_Scheduler.h */ = {isa = PBXFileReference; fileEncoding = 4; lastKnownFileType = sourcecode.c.h; name = Marginal_Scheduler.h; path = ../../src/Marginal_Scheduler.h; sourceTree = "<group>"; };
		783ABBA81C0F533E001803BE /* MatComputation.h */ = {isa = PBXFileReference; fileEncoding = 4; lastKnownFileType = sourcecode.c.h; name = MatComputation.h; path = ../../src/MatComputation.h; sourceTree = "<group>"; };
		783ABBA91C0F533E001803BE /* Preprocessing.h */ = {isa = PBXFileReference; fileEncoding = 4; lastKnownFileType = sourcecode.c.h; name = Preprocessing.h; path = ../../src/Preprocessing.h; sourceTree = "<group>"; };
		783ABBAA1C0F533E001803BE /* Scheduler.h */ = {isa = PBXFileReference; fileEncoding = 4; lastKnownFileType = sourcecode.c.h; name = Scheduler.h; path = ../../src/Scheduler.h; sourceTree = "<group>"; };
		783ABBAB1C0F533E001803BE /* Searchlight.h */ = {isa = PBXFileReference; fileEncoding = 4; lastKnownFileType = sourcecode.c.h; name = Searchlight.h; path = ../../src/Searchlight.h; sourceTree = "<group>"; };
		783ABBAC1C0F533E001803BE /* SVMClassification.h */ = {isa = PBXFileReference; fileEncoding = 4; lastKnownFileType = sourcecode.c.h; name = SVMClassification.h; path = ../../src/SVMClassification.h; sourceTree = "<group>"; };
		783ABBAD1C0F533E001803BE /* SVMPredictor.h */ = {isa = PBXFileReference; fileEncoding = 4; lastKnownFileType = sourcecode.c.h; name = SVMPredictor.h; path = ../../src/SVMPredictor.h; sourceTree = "<group>"; };
		783ABBAE1C0F533E001803BE /* SVMPredictorWithMasks.h */ = {isa = PBXFileReference; fileEncoding = 4; lastKnownFileType = sourcecode.c.h; name = SVMPredictorWithMasks.h; path = ../../src/SVMPredictorWithMasks.h; sourceTree = "<group>"; };
		783ABBAF1C0F533E001803BE /* VoxelwiseAnalysis.h */ = {isa = PBXFileReference; fileEncoding = 4; lastKnownFileType = sourcecode.c.h; name = VoxelwiseAnalysis.h; path = ../../src/VoxelwiseAnalysis.h; sourceTree = "<group>"; };
		783ABBB01C0F533E001803BE /* Classification.cc */ = {isa = PBXFileReference; fileEncoding = 4; lastKnownFileType = sourcecode.cpp.cpp; name = Classification.cc; path = ../../src/Classification.cc; sourceTree = "<group>"; };
		783ABBB11C0F533E001803BE /* CorrelationVisualization.cc */ = {isa = PBXFileReference; fileEncoding = 4; lastKnownFileType = sourcecode.cpp.cpp; name = CorrelationVisualization.cc; path = ../../src/CorrelationVisualization.cc; sourceTree = "<group>"; };
		783ABBB21C0F533E001803BE /* CorrMatAnalysis.cc */ = {isa = PBXFileReference; fileEncoding = 4; lastKnownFileType = sourcecode.cpp.cpp; name = CorrMatAnalysis.cc; path = ../../src/CorrMatAnalysis.cc; sourceTree = "<group>"; };
		783ABBB31C0F533E001803BE /* CustomizedMatrixMultiply.cc */ = {isa = PBXFileReference; fileEncoding = 4; lastKnownFileType = sourcecode.cpp.cpp; name = CustomizedMatrixMultiply.cc; path = ../../src/CustomizedMatrixMultiply.cc; sourceTree = "<group>"; };
		783ABBB41C0F533E001803BE /* ErrorHandling.cc */ = {isa = PBXFileReference; fileEncoding = 4; lastKnownFileType = sourcecode.cpp.cpp; name = ErrorHandling.cc; path = ../../src/ErrorHandling.cc; sourceTree = "<group>"; };
		783ABBB51C0F533E001803BE /* FileProcessing.cc */ = {isa = PBXFileReference; fileEncoding = 4; lastKnownFileType = sourcecode.cpp.cpp; name = FileProcessing.cc; path = ../../src/FileProcessing.cc; sourceTree = "<group>"; };
		783ABBB61C0F533E001803BE /* FisherScoring.cc */ = {isa = PBXFileReference; fileEncoding = 4; lastKnownFileType = sourcecode.cpp.cpp; name = FisherScoring.cc; path = ../../src/FisherScoring.cc; sourceTree = "<group>"; };
		783ABBB71C0F533E001803BE /* LibSVM.cc */ = {isa = PBXFileReference; fileEncoding = 4; lastKnownFileType = sourcecode.cpp.cpp; name = LibSVM.cc; path = ../../src/LibSVM.cc; sourceTree = "<group>"; };
		783ABBB81C0F533E001803BE /* main.cc */ = {isa = PBXFileReference; fileEncoding = 4; lastKnownFileType = sourcecode.cpp.cpp; name = main.cc; path = ../../src/main.cc; sourceTree = "<group>"; };
		783ABBB91C0F533E001803BE /* Marginal_Scheduler.cc */ = {isa = PBXFileReference; fileEncoding = 4; lastKnownFileType = sourcecode.cpp.cpp; name = Marginal_Scheduler.cc; path = ../../src/Marginal_Scheduler.cc; sourceTree = "<group>"; };
		783ABBBA1C0F533E001803BE /* MatComputation.cc */ = {isa = PBXFileReference; fileEncoding = 4; lastKnownFileType = sourcecode.cpp.cpp; name = MatComputation.cc; path = ../../src/MatComputation.cc; sourceTree = "<group>"; };
		783ABBBB1C0F533E001803BE /* Preprocessing.cc */ = {isa = PBXFileReference; fileEncoding = 4; lastKnownFileType = sourcecode.cpp.cpp; name = Preprocessing.cc; path = ../../src/Preprocessing.cc; sourceTree = "<group>"; };
		783ABBBC1C0F533E001803BE /* Scheduler.cc */ = {isa = PBXFileReference; fileEncoding = 4; lastKnownFileType = sourcecode.cpp.cpp; name = Scheduler.cc; path = ../../src/Scheduler.cc; sourceTree = "<group>"; };
		783ABBBD1C0F533E001803BE /* Searchlight.cc */ = {isa = PBXFileReference; fileEncoding = 4; lastKnownFileType = sourcecode.cpp.cpp; name = Searchlight.cc; path = ../../src/Searchlight.cc; sourceTree = "<group>"; };
		783ABBBE1C0F533E001803BE /* SVMClassification.cc */ = {isa = PBXFileReference; fileEncoding = 4; lastKnownFileType = sourcecode.cpp.cpp; name = SVMClassification.cc; path = ../../src/SVMClassification.cc; sourceTree = "<group>"; };
		783ABBBF1C0F533E001803BE /* SVMPredictor.cc */ = {isa = PBXFileReference; fileEncoding = 4; lastKnownFileType = sourcecode.cpp.cpp; name = SVMPredictor.cc; path = ../../src/SVMPredictor.cc; sourceTree = "<group>"; };
		783ABBC01C0F533E001803BE /* SVMPredictorWithMasks.cc */ = {isa = PBXFileReference; fileEncoding = 4; lastKnownFileType = sourcecode.cpp.cpp; name = SVMPredictorWithMasks.cc; path = ../../src/SVMPredictorWithMasks.cc; sourceTree = "<group>"; };
		783ABBC11C0F533E001803BE /* VoxelwiseAnalysis.cc */ = {isa = PBXFileReference; fileEncoding = 4; lastKnownFileType = sourcecode.cpp.cpp; name = VoxelwiseAnalysis.cc; path = ../../src/VoxelwiseAnalysis.cc; sourceTree = "<group>"; };
		783ABBD61C0F5370001803BE /* nifti1_io.h */ = {isa = PBXFileReference; fileEncoding = 4; lastKnownFileType = sourcecode.c.h; name = nifti1_io.h; path = "../../deps/nifticlib-2.0.0/niftilib/nifti1_io.h"; sourceTree = "<group>"; };
		783ABBD71C0F5370001803BE /* nifti1.h */ = {isa = PBXFileReference; fileEncoding = 4; lastKnownFileType = sourcecode.c.h; name = nifti1.h; path = "../../deps/nifticlib-2.0.0/niftilib/nifti1.h"; sourceTree = "<group>"; };
		783ABBD81C0F5370001803BE /* nifti1_io.c */ = {isa = PBXFileReference; fileEncoding = 4; lastKnownFileType = sourcecode.c.c; name = nifti1_io.c; path = "../../deps/nifticlib-2.0.0/niftilib/nifti1_io.c"; sourceTree = "<group>"; };
		783ABBDB1C0F5461001803BE /* svm.h */ = {isa = PBXFileReference; fileEncoding = 4; lastKnownFileType = sourcecode.c.h; name = svm.h; path = "../../deps/SVM-Simple/svm.h"; sourceTree = "<group>"; };
		783ABBDC1C0F5461001803BE /* svm.cc */ = {isa = PBXFileReference; fileEncoding = 4; lastKnownFileType = sourcecode.cpp.cpp; name = svm.cc; path = "../../deps/SVM-Simple/svm.cc"; sourceTree = "<group>"; };
		78B98FE71C64FA51000E58DE /* libiomp5.dylib */ = {isa = PBXFileReference; lastKnownFileType = "compiled.mach-o.dylib"; name = libiomp5.dylib; path = /usr/local/Cellar/libiomp/20150701/lib/libiomp5.dylib; sourceTree = "<absolute>"; };
		78B98FED1C650134000E58DE /* phisvm.cc */ = {isa = PBXFileReference; fileEncoding = 4; lastKnownFileType = sourcecode.cpp.cpp; name = phisvm.cc; path = "../../deps/SVM-phi/phisvm.cc"; sourceTree = "<group>"; };
		78B98FEE1C650134000E58DE /* phisvm.h */ = {isa = PBXFileReference; fileEncoding = 4; lastKnownFileType = sourcecode.c.h; name = phisvm.h; path = "../../deps/SVM-phi/phisvm.h"; sourceTree = "<group>"; };
		78B98FF01C650936000E58DE /* znzlib.c */ = {isa = PBXFileReference; fileEncoding = 4; lastKnownFileType = sourcecode.c.c; name = znzlib.c; path = "../../deps/nifticlib-2.0.0/znzlib/znzlib.c"; sourceTree = "<group>"; };
		78B98FF11C650936000E58DE /* znzlib.h */ = {isa = PBXFileReference; fileEncoding = 4; lastKnownFileType = sourcecode.c.h; name = znzlib.h; path = "../../deps/nifticlib-2.0.0/znzlib/znzlib.h"; sourceTree = "<group>"; };
		78B98FF31C650A06000E58DE /* libmpi_cxx.1.dylib */ = {isa = PBXFileReference; lastKnownFileType = "compiled.mach-o.dylib"; name = libmpi_cxx.1.dylib; path = "/usr/local/Cellar/open-mpi/1.10.1_1/lib/libmpi_cxx.1.dylib"; sourceTree = "<absolute>"; };
		78B98FF41C650A06000E58DE /* libmpi.12.dylib */ = {isa = PBXFileReference; lastKnownFileType = "compiled.mach-o.dylib"; name = libmpi.12.dylib; path = "/usr/local/Cellar/open-mpi/1.10.1_1/lib/libmpi.12.dylib"; sourceTree = "<absolute>"; };
		78B98FF71C650A2E000E58DE /* Accelerate.framework */ = {isa = PBXFileReference; lastKnownFileType = wrapper.framework; name = Accelerate.framework; path = System/Library/Frameworks/Accelerate.framework; sourceTree = SDKROOT; };
		78B98FF81C650A2E000E58DE /* libz.tbd */ = {isa = PBXFileReference; lastKnownFileType = "sourcecode.text-based-dylib-definition"; name = libz.tbd; path = usr/lib/libz.tbd; sourceTree = SDKROOT; };
		78B98FFC1C650ADC000E58DE /* libboost_serialization-mt.dylib */ = {isa = PBXFileReference; lastKnownFileType = "compiled.mach-o.dylib"; name = "libboost_serialization-mt.dylib"; path = "/usr/local/Cellar/boost/1.60.0_1/lib/libboost_serialization-mt.dylib"; sourceTree = "<absolute>"; };
		78B98FFE1C650E12000E58DE /* libhdf5_hl.10.dylib */ = {isa = PBXFileReference; lastKnownFileType = "compiled.mach-o.dylib"; name = libhdf5_hl.10.dylib; path = /usr/local/Cellar/hdf5/1.8.16_1/lib/libhdf5_hl.10.dylib; sourceTree = "<absolute>"; };
		78B98FFF1C650E12000E58DE /* libhdf5.10.dylib */ = {isa = PBXFileReference; lastKnownFileType = "compiled.mach-o.dylib"; name = libhdf5.10.dylib; path = /usr/local/Cellar/hdf5/1.8.16_1/lib/libhdf5.10.dylib; sourceTree = "<absolute>"; };
/* End PBXFileReference section */

/* Begin PBXFrameworksBuildPhase section */
		783ABB8E1C0F5280001803BE /* Frameworks */ = {
			isa = PBXFrameworksBuildPhase;
			buildActionMask = 2147483647;
			files = (
				78B990001C650E12000E58DE /* libhdf5_hl.10.dylib in Frameworks */,
				78B990011C650E12000E58DE /* libhdf5.10.dylib in Frameworks */,
				78B98FFD1C650ADC000E58DE /* libboost_serialization-mt.dylib in Frameworks */,
				78B98FF91C650A2E000E58DE /* Accelerate.framework in Frameworks */,
				78B98FFA1C650A2E000E58DE /* libz.tbd in Frameworks */,
				78B98FF51C650A06000E58DE /* libmpi_cxx.1.dylib in Frameworks */,
				78B98FF61C650A06000E58DE /* libmpi.12.dylib in Frameworks */,
				78B98FE81C64FA51000E58DE /* libiomp5.dylib in Frameworks */,
			);
			runOnlyForDeploymentPostprocessing = 0;
		};
/* End PBXFrameworksBuildPhase section */

/* Begin PBXGroup section */
		783ABB881C0F5280001803BE = {
			isa = PBXGroup;
			children = (
				78B98FFB1C650A61000E58DE /* lib */,
				783ABBDA1C0F544E001803BE /* svm */,
				783ABBD51C0F5355001803BE /* niftilib */,
				783ABBD41C0F5344001803BE /* src */,
				783ABB921C0F5280001803BE /* Products */,
			);
			sourceTree = "<group>";
		};
		783ABB921C0F5280001803BE /* Products */ = {
			isa = PBXGroup;
			children = (
				783ABB911C0F5280001803BE /* fcma */,
			);
			name = Products;
			sourceTree = "<group>";
		};
		783ABBD41C0F5344001803BE /* src */ = {
			isa = PBXGroup;
			children = (
				783ABB9D1C0F533E001803BE /* Classification.h */,
				783ABB9E1C0F533E001803BE /* common.h */,
				783ABB9F1C0F533E001803BE /* CorrelationVisualization.h */,
				783ABBA01C0F533E001803BE /* CorrMatAnalysis.h */,
				783ABBA11C0F533E001803BE /* CustomizedMatrixMultiply.h */,
				783ABBA21C0F533E001803BE /* ErrorHandling.h */,
				783ABBA31C0F533E001803BE /* fcma.h */,
				783ABBA41C0F533E001803BE /* FileProcessing.h */,
				783ABBA51C0F533E001803BE /* FisherScoring.h */,
				783ABBA61C0F533E001803BE /* LibSVM.h */,
				783ABBA71C0F533E001803BE /* Marginal_Scheduler.h */,
				783ABBA81C0F533E001803BE /* MatComputation.h */,
				783ABBA91C0F533E001803BE /* Preprocessing.h */,
				783ABBAA1C0F533E001803BE /* Scheduler.h */,
				783ABBAB1C0F533E001803BE /* Searchlight.h */,
				783ABBAC1C0F533E001803BE /* SVMClassification.h */,
				783ABBAD1C0F533E001803BE /* SVMPredictor.h */,
				783ABBAE1C0F533E001803BE /* SVMPredictorWithMasks.h */,
				783ABBAF1C0F533E001803BE /* VoxelwiseAnalysis.h */,
				783ABBB01C0F533E001803BE /* Classification.cc */,
				783ABBB11C0F533E001803BE /* CorrelationVisualization.cc */,
				783ABBB21C0F533E001803BE /* CorrMatAnalysis.cc */,
				783ABBB31C0F533E001803BE /* CustomizedMatrixMultiply.cc */,
				783ABBB41C0F533E001803BE /* ErrorHandling.cc */,
				783ABBB51C0F533E001803BE /* FileProcessing.cc */,
				783ABBB61C0F533E001803BE /* FisherScoring.cc */,
				783ABBB71C0F533E001803BE /* LibSVM.cc */,
				783ABBB81C0F533E001803BE /* main.cc */,
				783ABBB91C0F533E001803BE /* Marginal_Scheduler.cc */,
				783ABBBA1C0F533E001803BE /* MatComputation.cc */,
				783ABBBB1C0F533E001803BE /* Preprocessing.cc */,
				783ABBBC1C0F533E001803BE /* Scheduler.cc */,
				783ABBBD1C0F533E001803BE /* Searchlight.cc */,
				783ABBBE1C0F533E001803BE /* SVMClassification.cc */,
				783ABBBF1C0F533E001803BE /* SVMPredictor.cc */,
				783ABBC01C0F533E001803BE /* SVMPredictorWithMasks.cc */,
				783ABBC11C0F533E001803BE /* VoxelwiseAnalysis.cc */,
			);
			name = src;
			sourceTree = "<group>";
		};
		783ABBD51C0F5355001803BE /* niftilib */ = {
			isa = PBXGroup;
			children = (
				78B98FF01C650936000E58DE /* znzlib.c */,
				78B98FF11C650936000E58DE /* znzlib.h */,
				783ABBD61C0F5370001803BE /* nifti1_io.h */,
				783ABBD71C0F5370001803BE /* nifti1.h */,
				783ABBD81C0F5370001803BE /* nifti1_io.c */,
			);
			name = niftilib;
			sourceTree = "<group>";
		};
		783ABBDA1C0F544E001803BE /* svm */ = {
			isa = PBXGroup;
			children = (
				78B98FED1C650134000E58DE /* phisvm.cc */,
				78B98FEE1C650134000E58DE /* phisvm.h */,
				783ABBDB1C0F5461001803BE /* svm.h */,
				783ABBDC1C0F5461001803BE /* svm.cc */,
			);
			name = svm;
			sourceTree = "<group>";
		};
		78B98FFB1C650A61000E58DE /* lib */ = {
			isa = PBXGroup;
			children = (
				78B98FF71C650A2E000E58DE /* Accelerate.framework */,
				78B98FFE1C650E12000E58DE /* libhdf5_hl.10.dylib */,
				78B98FFF1C650E12000E58DE /* libhdf5.10.dylib */,
				78B98FFC1C650ADC000E58DE /* libboost_serialization-mt.dylib */,
				78B98FF81C650A2E000E58DE /* libz.tbd */,
				78B98FF31C650A06000E58DE /* libmpi_cxx.1.dylib */,
				78B98FF41C650A06000E58DE /* libmpi.12.dylib */,
				78B98FE71C64FA51000E58DE /* libiomp5.dylib */,
			);
			name = lib;
			sourceTree = "<group>";
		};
/* End PBXGroup section */

/* Begin PBXNativeTarget section */
		783ABB901C0F5280001803BE /* fcma */ = {
			isa = PBXNativeTarget;
			buildConfigurationList = 783ABB981C0F5280001803BE /* Build configuration list for PBXNativeTarget "fcma" */;
			buildPhases = (
				783ABB8D1C0F5280001803BE /* Sources */,
				783ABB8E1C0F5280001803BE /* Frameworks */,
				783ABB8F1C0F5280001803BE /* CopyFiles */,
			);
			buildRules = (
			);
			dependencies = (
			);
			name = fcma;
			productName = fcma;
			productReference = 783ABB911C0F5280001803BE /* fcma */;
			productType = "com.apple.product-type.tool";
		};
/* End PBXNativeTarget section */

/* Begin PBXProject section */
		783ABB891C0F5280001803BE /* Project object */ = {
			isa = PBXProject;
			attributes = {
				LastUpgradeCheck = 0710;
				ORGANIZATIONNAME = "Ben Singer";
				TargetAttributes = {
					783ABB901C0F5280001803BE = {
						CreatedOnToolsVersion = 7.1.1;
					};
				};
			};
			buildConfigurationList = 783ABB8C1C0F5280001803BE /* Build configuration list for PBXProject "fcma" */;
			compatibilityVersion = "Xcode 3.2";
			developmentRegion = English;
			hasScannedForEncodings = 0;
			knownRegions = (
				en,
			);
			mainGroup = 783ABB881C0F5280001803BE;
			productRefGroup = 783ABB921C0F5280001803BE /* Products */;
			projectDirPath = "";
			projectRoot = "";
			targets = (
				783ABB901C0F5280001803BE /* fcma */,
			);
		};
/* End PBXProject section */

/* Begin PBXSourcesBuildPhase section */
		783ABB8D1C0F5280001803BE /* Sources */ = {
			isa = PBXSourcesBuildPhase;
			buildActionMask = 2147483647;
			files = (
				783ABBDD1C0F5461001803BE /* svm.cc in Sources */,
				783ABBCE1C0F533E001803BE /* Scheduler.cc in Sources */,
				78B98FEF1C650134000E58DE /* phisvm.cc in Sources */,
				783ABBCB1C0F533E001803BE /* Marginal_Scheduler.cc in Sources */,
				783ABBC41C0F533E001803BE /* CorrMatAnalysis.cc in Sources */,
				783ABBCC1C0F533E001803BE /* MatComputation.cc in Sources */,
				783ABBC81C0F533E001803BE /* FisherScoring.cc in Sources */,
				783ABBD11C0F533E001803BE /* SVMPredictor.cc in Sources */,
				78B98FF21C650936000E58DE /* znzlib.c in Sources */,
				783ABBC91C0F533E001803BE /* LibSVM.cc in Sources */,
				783ABBC61C0F533E001803BE /* ErrorHandling.cc in Sources */,
				783ABBC21C0F533E001803BE /* Classification.cc in Sources */,
				783ABBC31C0F533E001803BE /* CorrelationVisualization.cc in Sources */,
				783ABBCD1C0F533E001803BE /* Preprocessing.cc in Sources */,
				783ABBCA1C0F533E001803BE /* main.cc in Sources */,
				783ABBC71C0F533E001803BE /* FileProcessing.cc in Sources */,
				783ABBD01C0F533E001803BE /* SVMClassification.cc in Sources */,
				783ABBCF1C0F533E001803BE /* Searchlight.cc in Sources */,
				783ABBD21C0F533E001803BE /* SVMPredictorWithMasks.cc in Sources */,
				783ABBD31C0F533E001803BE /* VoxelwiseAnalysis.cc in Sources */,
				783ABBC51C0F533E001803BE /* CustomizedMatrixMultiply.cc in Sources */,
				783ABBD91C0F5370001803BE /* nifti1_io.c in Sources */,
			);
			runOnlyForDeploymentPostprocessing = 0;
		};
/* End PBXSourcesBuildPhase section */

/* Begin XCBuildConfiguration section */
		783ABB961C0F5280001803BE /* Debug */ = {
			isa = XCBuildConfiguration;
			buildSettings = {
				ALWAYS_SEARCH_USER_PATHS = NO;
				CLANG_CXX_LANGUAGE_STANDARD = "gnu++0x";
				CLANG_CXX_LIBRARY = "libc++";
				CLANG_ENABLE_MODULES = YES;
				CLANG_ENABLE_OBJC_ARC = YES;
				CLANG_WARN_BOOL_CONVERSION = YES;
				CLANG_WARN_CONSTANT_CONVERSION = YES;
				CLANG_WARN_DIRECT_OBJC_ISA_USAGE = YES_ERROR;
				CLANG_WARN_EMPTY_BODY = YES;
				CLANG_WARN_ENUM_CONVERSION = YES;
				CLANG_WARN_INT_CONVERSION = YES;
				CLANG_WARN_OBJC_ROOT_CLASS = YES_ERROR;
				CLANG_WARN_UNREACHABLE_CODE = YES;
				CLANG_WARN__DUPLICATE_METHOD_MATCH = YES;
				CODE_SIGN_IDENTITY = "-";
				COPY_PHASE_STRIP = NO;
				DEBUG_INFORMATION_FORMAT = dwarf;
				ENABLE_STRICT_OBJC_MSGSEND = YES;
				ENABLE_TESTABILITY = YES;
				GCC_C_LANGUAGE_STANDARD = gnu99;
				GCC_DYNAMIC_NO_PIC = NO;
				GCC_NO_COMMON_BLOCKS = YES;
				GCC_OPTIMIZATION_LEVEL = 0;
				GCC_PREPROCESSOR_DEFINITIONS = (
					"DEBUG=1",
					"$(inherited)",
				);
				GCC_WARN_64_TO_32_BIT_CONVERSION = YES;
				GCC_WARN_ABOUT_RETURN_TYPE = YES_ERROR;
				GCC_WARN_UNDECLARED_SELECTOR = YES;
				GCC_WARN_UNINITIALIZED_AUTOS = YES_AGGRESSIVE;
				GCC_WARN_UNUSED_FUNCTION = YES;
				GCC_WARN_UNUSED_VARIABLE = YES;
				MACOSX_DEPLOYMENT_TARGET = 10.11;
				MTL_ENABLE_DEBUG_INFO = YES;
				ONLY_ACTIVE_ARCH = YES;
				SDKROOT = macosx;
			};
			name = Debug;
		};
		783ABB971C0F5280001803BE /* Release */ = {
			isa = XCBuildConfiguration;
			buildSettings = {
				ALWAYS_SEARCH_USER_PATHS = NO;
				CLANG_CXX_LANGUAGE_STANDARD = "gnu++0x";
				CLANG_CXX_LIBRARY = "libc++";
				CLANG_ENABLE_MODULES = YES;
				CLANG_ENABLE_OBJC_ARC = YES;
				CLANG_WARN_BOOL_CONVERSION = YES;
				CLANG_WARN_CONSTANT_CONVERSION = YES;
				CLANG_WARN_DIRECT_OBJC_ISA_USAGE = YES_ERROR;
				CLANG_WARN_EMPTY_BODY = YES;
				CLANG_WARN_ENUM_CONVERSION = YES;
				CLANG_WARN_INT_CONVERSION = YES;
				CLANG_WARN_OBJC_ROOT_CLASS = YES_ERROR;
				CLANG_WARN_UNREACHABLE_CODE = YES;
				CLANG_WARN__DUPLICATE_METHOD_MATCH = YES;
				CODE_SIGN_IDENTITY = "-";
				COPY_PHASE_STRIP = NO;
				DEBUG_INFORMATION_FORMAT = "dwarf-with-dsym";
				ENABLE_NS_ASSERTIONS = NO;
				ENABLE_STRICT_OBJC_MSGSEND = YES;
				GCC_C_LANGUAGE_STANDARD = gnu99;
				GCC_NO_COMMON_BLOCKS = YES;
				GCC_WARN_64_TO_32_BIT_CONVERSION = YES;
				GCC_WARN_ABOUT_RETURN_TYPE = YES_ERROR;
				GCC_WARN_UNDECLARED_SELECTOR = YES;
				GCC_WARN_UNINITIALIZED_AUTOS = YES_AGGRESSIVE;
				GCC_WARN_UNUSED_FUNCTION = YES;
				GCC_WARN_UNUSED_VARIABLE = YES;
				MACOSX_DEPLOYMENT_TARGET = 10.11;
				MTL_ENABLE_DEBUG_INFO = NO;
				SDKROOT = macosx;
			};
			name = Release;
		};
		783ABB991C0F5280001803BE /* Debug */ = {
			isa = XCBuildConfiguration;
			buildSettings = {
				ALWAYS_SEARCH_USER_PATHS = YES;
				CC = "/usr/local/bin/clang-omp";
				CLANG_ENABLE_MODULES = NO;
				GCC_PREPROCESSOR_DEFINITIONS = (
					"HAVE_ZLIB=1",
					"DEBUG=1",
				);
				GCC_VERSION = "";
				HEADER_SEARCH_PATHS = (
					/usr/local/include,
					/usr/local/include/libiomp,
				);
				LIBRARY_SEARCH_PATHS = (
					"$(inherited)",
					/usr/local/lib,
					/usr/local/Cellar/libiomp/20150701/lib,
					"/usr/local/Cellar/open-mpi/1.10.1_1/lib",
					/usr/local/Cellar/boost/1.60.0_1/lib,
					/usr/local/Cellar/hdf5/1.8.16_1/lib,
				);
				OTHER_CFLAGS = "-fopenmp";
				PRODUCT_NAME = "$(TARGET_NAME)";
				USER_HEADER_SEARCH_PATHS = "$(PROJECT_DIR)/../../deps/**";
			};
			name = Debug;
		};
		783ABB9A1C0F5280001803BE /* Release */ = {
			isa = XCBuildConfiguration;
			buildSettings = {
				ALWAYS_SEARCH_USER_PATHS = YES;
				CC = "/usr/local/bin/clang-omp";
				CLANG_ENABLE_MODULES = NO;
				GCC_PREPROCESSOR_DEFINITIONS = "HAVE_ZLIB=1";
				GCC_VERSION = "";
				HEADER_SEARCH_PATHS = (
					/usr/local/include,
					/usr/local/include/libiomp,
				);
				LIBRARY_SEARCH_PATHS = (
					"$(inherited)",
					/usr/local/lib,
					/usr/local/Cellar/libiomp/20150701/lib,
					"/usr/local/Cellar/open-mpi/1.10.1_1/lib",
					/usr/local/Cellar/boost/1.60.0_1/lib,
					/usr/local/Cellar/hdf5/1.8.16_1/lib,
				);
				OTHER_CFLAGS = "-fopenmp";
				PRODUCT_NAME = "$(TARGET_NAME)";
				USER_HEADER_SEARCH_PATHS = "$(PROJECT_DIR)/../../deps/**";
			};
			name = Release;
		};
/* End XCBuildConfiguration section */

/* Begin XCConfigurationList section */
		783ABB8C1C0F5280001803BE /* Build configuration list for PBXProject "fcma" */ = {
			isa = XCConfigurationList;
			buildConfigurations = (
				783ABB961C0F5280001803BE /* Debug */,
				783ABB971C0F5280001803BE /* Release */,
			);
			defaultConfigurationIsVisible = 0;
			defaultConfigurationName = Release;
		};
		783ABB981C0F5280001803BE /* Build configuration list for PBXNativeTarget "fcma" */ = {
			isa = XCConfigurationList;
			buildConfigurations = (
				783ABB991C0F5280001803BE /* Debug */,
				783ABB9A1C0F5280001803BE /* Release */,
			);
			defaultConfigurationIsVisible = 0;
			defaultConfigurationName = Release;
		};
/* End XCConfigurationList section */
	};
	rootObject = 783ABB891C0F5280001803BE /* Project object */;
}
